
Microsoft Visual Studio Solution File, Format Version 12.00
# Visual Studio Version 18
VisualStudioVersion = 18.6.11822.322 stable
MinimumVisualStudioVersion = 10.0.40219.1
Project("{FAE04EC0-301F-11D3-BF4B-00C04F79EFBC}") = "Game", "Game.csproj", "{A6A0F70B-90E6-4289-031F-FE87A1CE369C}"
EndProject
Global
	GlobalSection(SolutionConfigurationPlatforms) = preSolution
		Debug|Any CPU = Debug|Any CPU
		Release|Any CPU = Release|Any CPU
	EndGlobalSection
	GlobalSection(ProjectConfigurationPlatforms) = postSolution
		{A6A0F70B-90E6-4289-031F-FE87A1CE369C}.Debug|Any CPU.ActiveCfg = Debug|Any CPU
		{A6A0F70B-90E6-4289-031F-FE87A1CE369C}.Debug|Any CPU.Build.0 = Debug|Any CPU
		{A6A0F70B-90E6-4289-031F-FE87A1CE369C}.Release|Any CPU.ActiveCfg = Release|Any CPU
		{A6A0F70B-90E6-4289-031F-FE87A1CE369C}.Release|Any CPU.Build.0 = Release|Any CPU
	EndGlobalSection
	GlobalSection(SolutionProperties) = preSolution
		HideSolutionNode = FALSE
	EndGlobalSection
	GlobalSection(ExtensibilityGlobals) = postSolution
		SolutionGuid = {347B177E-418E-49E3-B569-49A49FF282EA}
	EndGlobalSection
EndGlobal
